
Microsoft Visual Studio Solution File, Format Version 12.00
# Visual Studio Version 17
VisualStudioVersion = 17.14.36623.8 d17.14
MinimumVisualStudioVersion = 10.0.40219.1
Project("{FAE04EC0-301F-11D3-BF4B-00C04F79EFBC}") = "pr_1", "pr_1.csproj", "{DAC4CDF0-9C21-4F56-B8AD-5A0E5FD518D7}"
EndProject
Global
	GlobalSection(SolutionConfigurationPlatforms) = preSolution
		Debug|Any CPU = Debug|Any CPU
		Release|Any CPU = Release|Any CPU
	EndGlobalSection
	GlobalSection(ProjectConfigurationPlatforms) = postSolution
		{DAC4CDF0-9C21-4F56-B8AD-5A0E5FD518D7}.Debug|Any CPU.ActiveCfg = Debug|Any CPU
		{DAC4CDF0-9C21-4F56-B8AD-5A0E5FD518D7}.Debug|Any CPU.Build.0 = Debug|Any CPU
		{DAC4CDF0-9C21-4F56-B8AD-5A0E5FD518D7}.Release|Any CPU.ActiveCfg = Release|Any CPU
		{DAC4CDF0-9C21-4F56-B8AD-5A0E5FD518D7}.Release|Any CPU.Build.0 = Release|Any CPU
	EndGlobalSection
	GlobalSection(SolutionProperties) = preSolution
		HideSolutionNode = FALSE
	EndGlobalSection
	GlobalSection(ExtensibilityGlobals) = postSolution
		SolutionGuid = {FDB20A16-E66C-49D7-887E-BF7E70A25280}
	EndGlobalSection
EndGlobal
